{
  "object": {
    "pins": [
      {
        "package": "StateSpace",
        "repositoryURL": "https://github.com/regexident/StateSpace",
        "state": {
          "branch": "master",
          "revision": "2a644e5916b2a5047cd2b35cdf997f1f198f4a07",
          "version": null
        }
      },
      {
        "package": "Surge",
        "repositoryURL": "https://github.com/jounce/Surge",
        "state": {
          "branch": "master",
          "revision": "844fd175cfc18cf36e6f1a6606d29d5e61caddd8",
          "version": null
        }
      }
    ]
  },
  "version": 1
}
