{
  "object": {
    "pins": [
      {
        "package": "StateSpace",
        "repositoryURL": "https://github.com/regexident/StateSpace",
        "state": {
          "branch": "master",
          "revision": "48971b0164fda18c12550167387c60fd10daa338",
          "version": null
        }
      },
      {
        "package": "Surge",
        "repositoryURL": "https://github.com/jounce/Surge",
        "state": {
          "branch": null,
          "revision": "b9777a8d0c1df1ed0a22d238fb987c60d13513ac",
          "version": "2.3.0"
        }
      }
    ]
  },
  "version": 1
}
